// !$*UTF8*$!
{
	archiveVersion = 1;
	classes = {
	};
	objectVersion = 50;
	objects = {

/* Begin PBXBuildFile section */
		A2C9651C26DFF30A0036EE0B /* AppDelegate.swift in Sources */ = {isa = PBXBuildFile; fileRef = A2C9651B26DFF30A0036EE0B /* AppDelegate.swift */; };
		A2C9651E26DFF30A0036EE0B /* SceneDelegate.swift in Sources */ = {isa = PBXBuildFile; fileRef = A2C9651D26DFF30A0036EE0B /* SceneDelegate.swift */; };
		A2C9652026DFF30A0036EE0B /* HomeViewController.swift in Sources */ = {isa = PBXBuildFile; fileRef = A2C9651F26DFF30A0036EE0B /* HomeViewController.swift */; };
		A2C9652326DFF30A0036EE0B /* Main.storyboard in Resources */ = {isa = PBXBuildFile; fileRef = A2C9652126DFF30A0036EE0B /* Main.storyboard */; };
		A2C9652526DFF30B0036EE0B /* Assets.xcassets in Resources */ = {isa = PBXBuildFile; fileRef = A2C9652426DFF30B0036EE0B /* Assets.xcassets */; };
		A2C9652826DFF30B0036EE0B /* LaunchScreen.storyboard in Resources */ = {isa = PBXBuildFile; fileRef = A2C9652626DFF30B0036EE0B /* LaunchScreen.storyboard */; };
		A2C9653126DFFB630036EE0B /* Extensions.swift in Sources */ = {isa = PBXBuildFile; fileRef = A2C9653026DFFB630036EE0B /* Extensions.swift */; };
		A2C9653526E5204D0036EE0B /* SearchViewController.swift in Sources */ = {isa = PBXBuildFile; fileRef = A2C9653426E5204D0036EE0B /* SearchViewController.swift */; };
		A2C9653726E520780036EE0B /* CategoriesViewController.swift in Sources */ = {isa = PBXBuildFile; fileRef = A2C9653626E520780036EE0B /* CategoriesViewController.swift */; };
		A2C9653926E520930036EE0B /* InfoViewController.swift in Sources */ = {isa = PBXBuildFile; fileRef = A2C9653826E520930036EE0B /* InfoViewController.swift */; };
/* End PBXBuildFile section */

/* Begin PBXFileReference section */
		A2C9651826DFF30A0036EE0B /* 001.app */ = {isa = PBXFileReference; explicitFileType = wrapper.application; includeInIndex = 0; path = 001.app; sourceTree = BUILT_PRODUCTS_DIR; };
		A2C9651B26DFF30A0036EE0B /* AppDelegate.swift */ = {isa = PBXFileReference; lastKnownFileType = sourcecode.swift; path = AppDelegate.swift; sourceTree = "<group>"; };
		A2C9651D26DFF30A0036EE0B /* SceneDelegate.swift */ = {isa = PBXFileReference; lastKnownFileType = sourcecode.swift; path = SceneDelegate.swift; sourceTree = "<group>"; };
		A2C9651F26DFF30A0036EE0B /* HomeViewController.swift */ = {isa = PBXFileReference; lastKnownFileType = sourcecode.swift; path = HomeViewController.swift; sourceTree = "<group>"; };
		A2C9652226DFF30A0036EE0B /* Base */ = {isa = PBXFileReference; lastKnownFileType = file.storyboard; name = Base; path = Base.lproj/Main.storyboard; sourceTree = "<group>"; };
		A2C9652426DFF30B0036EE0B /* Assets.xcassets */ = {isa = PBXFileReference; lastKnownFileType = folder.assetcatalog; path = Assets.xcassets; sourceTree = "<group>"; };
		A2C9652726DFF30B0036EE0B /* Base */ = {isa = PBXFileReference; lastKnownFileType = file.storyboard; name = Base; path = Base.lproj/LaunchScreen.storyboard; sourceTree = "<group>"; };
		A2C9652926DFF30B0036EE0B /* Info.plist */ = {isa = PBXFileReference; lastKnownFileType = text.plist.xml; path = Info.plist; sourceTree = "<group>"; };
		A2C9653026DFFB630036EE0B /* Extensions.swift */ = {isa = PBXFileReference; lastKnownFileType = sourcecode.swift; path = Extensions.swift; sourceTree = "<group>"; };
		A2C9653426E5204D0036EE0B /* SearchViewController.swift */ = {isa = PBXFileReference; lastKnownFileType = sourcecode.swift; path = SearchViewController.swift; sourceTree = "<group>"; };
		A2C9653626E520780036EE0B /* CategoriesViewController.swift */ = {isa = PBXFileReference; lastKnownFileType = sourcecode.swift; path = CategoriesViewController.swift; sourceTree = "<group>"; };
		A2C9653826E520930036EE0B /* InfoViewController.swift */ = {isa = PBXFileReference; lastKnownFileType = sourcecode.swift; path = InfoViewController.swift; sourceTree = "<group>"; };
/* End PBXFileReference section */

/* Begin PBXFrameworksBuildPhase section */
		A2C9651526DFF30A0036EE0B /* Frameworks */ = {
			isa = PBXFrameworksBuildPhase;
			buildActionMask = 2147483647;
			files = (
			);
			runOnlyForDeploymentPostprocessing = 0;
		};
/* End PBXFrameworksBuildPhase section */

/* Begin PBXGroup section */
		A2C9650F26DFF30A0036EE0B = {
			isa = PBXGroup;
			children = (
				A2C9651A26DFF30A0036EE0B /* 001 */,
				A2C9651926DFF30A0036EE0B /* Products */,
			);
			sourceTree = "<group>";
		};
		A2C9651926DFF30A0036EE0B /* Products */ = {
			isa = PBXGroup;
			children = (
				A2C9651826DFF30A0036EE0B /* 001.app */,
			);
			name = Products;
			sourceTree = "<group>";
		};
		A2C9651A26DFF30A0036EE0B /* 001 */ = {
			isa = PBXGroup;
			children = (
				A2C9653326E520240036EE0B /* Views */,
				A2C9652F26DFFB520036EE0B /* Resources */,
				A2C9653226E520000036EE0B /* Controllers */,
				A2C9652926DFF30B0036EE0B /* Info.plist */,
			);
			path = 001;
			sourceTree = "<group>";
		};
		A2C9652F26DFFB520036EE0B /* Resources */ = {
			isa = PBXGroup;
			children = (
				A2C9651B26DFF30A0036EE0B /* AppDelegate.swift */,
				A2C9651D26DFF30A0036EE0B /* SceneDelegate.swift */,
				A2C9653026DFFB630036EE0B /* Extensions.swift */,
			);
			path = Resources;
			sourceTree = "<group>";
		};
		A2C9653226E520000036EE0B /* Controllers */ = {
			isa = PBXGroup;
			children = (
				A2C9651F26DFF30A0036EE0B /* HomeViewController.swift */,
				A2C9653426E5204D0036EE0B /* SearchViewController.swift */,
				A2C9653626E520780036EE0B /* CategoriesViewController.swift */,
				A2C9653826E520930036EE0B /* InfoViewController.swift */,
			);
			path = Controllers;
			sourceTree = "<group>";
		};
		A2C9653326E520240036EE0B /* Views */ = {
			isa = PBXGroup;
			children = (
				A2C9652426DFF30B0036EE0B /* Assets.xcassets */,
				A2C9652626DFF30B0036EE0B /* LaunchScreen.storyboard */,
				A2C9652126DFF30A0036EE0B /* Main.storyboard */,
			);
			path = Views;
			sourceTree = "<group>";
		};
/* End PBXGroup section */

/* Begin PBXNativeTarget section */
		A2C9651726DFF30A0036EE0B /* 001 */ = {
			isa = PBXNativeTarget;
			buildConfigurationList = A2C9652C26DFF30B0036EE0B /* Build configuration list for PBXNativeTarget "001" */;
			buildPhases = (
				A2C9651426DFF30A0036EE0B /* Sources */,
				A2C9651526DFF30A0036EE0B /* Frameworks */,
				A2C9651626DFF30A0036EE0B /* Resources */,
			);
			buildRules = (
			);
			dependencies = (
			);
			name = 001;
			productName = 001;
			productReference = A2C9651826DFF30A0036EE0B /* 001.app */;
			productType = "com.apple.product-type.application";
		};
/* End PBXNativeTarget section */

/* Begin PBXProject section */
		A2C9651026DFF30A0036EE0B /* Project object */ = {
			isa = PBXProject;
			attributes = {
				LastSwiftUpdateCheck = 1250;
				LastUpgradeCheck = 1250;
				TargetAttributes = {
					A2C9651726DFF30A0036EE0B = {
						CreatedOnToolsVersion = 12.5;
					};
				};
			};
			buildConfigurationList = A2C9651326DFF30A0036EE0B /* Build configuration list for PBXProject "001" */;
			compatibilityVersion = "Xcode 9.3";
			developmentRegion = en;
			hasScannedForEncodings = 0;
			knownRegions = (
				en,
				Base,
			);
			mainGroup = A2C9650F26DFF30A0036EE0B;
			productRefGroup = A2C9651926DFF30A0036EE0B /* Products */;
			projectDirPath = "";
			projectRoot = "";
			targets = (
				A2C9651726DFF30A0036EE0B /* 001 */,
			);
		};
/* End PBXProject section */

/* Begin PBXResourcesBuildPhase section */
		A2C9651626DFF30A0036EE0B /* Resources */ = {
			isa = PBXResourcesBuildPhase;
			buildActionMask = 2147483647;
			files = (
				A2C9652826DFF30B0036EE0B /* LaunchScreen.storyboard in Resources */,
				A2C9652526DFF30B0036EE0B /* Assets.xcassets in Resources */,
				A2C9652326DFF30A0036EE0B /* Main.storyboard in Resources */,
			);
			runOnlyForDeploymentPostprocessing = 0;
		};
/* End PBXResourcesBuildPhase section */

/* Begin PBXSourcesBuildPhase section */
		A2C9651426DFF30A0036EE0B /* Sources */ = {
			isa = PBXSourcesBuildPhase;
			buildActionMask = 2147483647;
			files = (
				A2C9653526E5204D0036EE0B /* SearchViewController.swift in Sources */,
				A2C9652026DFF30A0036EE0B /* HomeViewController.swift in Sources */,
				A2C9653726E520780036EE0B /* CategoriesViewController.swift in Sources */,
				A2C9653926E520930036EE0B /* InfoViewController.swift in Sources */,
				A2C9651C26DFF30A0036EE0B /* AppDelegate.swift in Sources */,
				A2C9651E26DFF30A0036EE0B /* SceneDelegate.swift in Sources */,
				A2C9653126DFFB630036EE0B /* Extensions.swift in Sources */,
			);
			runOnlyForDeploymentPostprocessing = 0;
		};
/* End PBXSourcesBuildPhase section */

/* Begin PBXVariantGroup section */
		A2C9652126DFF30A0036EE0B /* Main.storyboard */ = {
			isa = PBXVariantGroup;
			children = (
				A2C9652226DFF30A0036EE0B /* Base */,
			);
			name = Main.storyboard;
			sourceTree = "<group>";
		};
		A2C9652626DFF30B0036EE0B /* LaunchScreen.storyboard */ = {
			isa = PBXVariantGroup;
			children = (
				A2C9652726DFF30B0036EE0B /* Base */,
			);
			name = LaunchScreen.storyboard;
			sourceTree = "<group>";
		};
/* End PBXVariantGroup section */

/* Begin XCBuildConfiguration section */
		A2C9652A26DFF30B0036EE0B /* Debug */ = {
			isa = XCBuildConfiguration;
			buildSettings = {
				ALWAYS_SEARCH_USER_PATHS = NO;
				CLANG_ANALYZER_NONNULL = YES;
				CLANG_ANALYZER_NUMBER_OBJECT_CONVERSION = YES_AGGRESSIVE;
				CLANG_CXX_LANGUAGE_STANDARD = "gnu++14";
				CLANG_CXX_LIBRARY = "libc++";
				CLANG_ENABLE_MODULES = YES;
				CLANG_ENABLE_OBJC_ARC = YES;
				CLANG_ENABLE_OBJC_WEAK = YES;
				CLANG_WARN_BLOCK_CAPTURE_AUTORELEASING = YES;
				CLANG_WARN_BOOL_CONVERSION = YES;
				CLANG_WARN_COMMA = YES;
				CLANG_WARN_CONSTANT_CONVERSION = YES;
				CLANG_WARN_DEPRECATED_OBJC_IMPLEMENTATIONS = YES;
				CLANG_WARN_DIRECT_OBJC_ISA_USAGE = YES_ERROR;
				CLANG_WARN_DOCUMENTATION_COMMENTS = YES;
				CLANG_WARN_EMPTY_BODY = YES;
				CLANG_WARN_ENUM_CONVERSION = YES;
				CLANG_WARN_INFINITE_RECURSION = YES;
				CLANG_WARN_INT_CONVERSION = YES;
				CLANG_WARN_NON_LITERAL_NULL_CONVERSION = YES;
				CLANG_WARN_OBJC_IMPLICIT_RETAIN_SELF = YES;
				CLANG_WARN_OBJC_LITERAL_CONVERSION = YES;
				CLANG_WARN_OBJC_ROOT_CLASS = YES_ERROR;
				CLANG_WARN_QUOTED_INCLUDE_IN_FRAMEWORK_HEADER = YES;
				CLANG_WARN_RANGE_LOOP_ANALYSIS = YES;
				CLANG_WARN_STRICT_PROTOTYPES = YES;
				CLANG_WARN_SUSPICIOUS_MOVE = YES;
				CLANG_WARN_UNGUARDED_AVAILABILITY = YES_AGGRESSIVE;
				CLANG_WARN_UNREACHABLE_CODE = YES;
				CLANG_WARN__DUPLICATE_METHOD_MATCH = YES;
				COPY_PHASE_STRIP = NO;
				DEBUG_INFORMATION_FORMAT = dwarf;
				ENABLE_STRICT_OBJC_MSGSEND = YES;
				ENABLE_TESTABILITY = YES;
				GCC_C_LANGUAGE_STANDARD = gnu11;
				GCC_DYNAMIC_NO_PIC = NO;
				GCC_NO_COMMON_BLOCKS = YES;
				GCC_OPTIMIZATION_LEVEL = 0;
				GCC_PREPROCESSOR_DEFINITIONS = (
					"DEBUG=1",
					"$(inherited)",
				);
				GCC_WARN_64_TO_32_BIT_CONVERSION = YES;
				GCC_WARN_ABOUT_RETURN_TYPE = YES_ERROR;
				GCC_WARN_UNDECLARED_SELECTOR = YES;
				GCC_WARN_UNINITIALIZED_AUTOS = YES_AGGRESSIVE;
				GCC_WARN_UNUSED_FUNCTION = YES;
				GCC_WARN_UNUSED_VARIABLE = YES;
				IPHONEOS_DEPLOYMENT_TARGET = 14.5;
				MTL_ENABLE_DEBUG_INFO = INCLUDE_SOURCE;
				MTL_FAST_MATH = YES;
				ONLY_ACTIVE_ARCH = YES;
				SDKROOT = iphoneos;
				SWIFT_ACTIVE_COMPILATION_CONDITIONS = DEBUG;
				SWIFT_OPTIMIZATION_LEVEL = "-Onone";
			};
			name = Debug;
		};
		A2C9652B26DFF30B0036EE0B /* Release */ = {
			isa = XCBuildConfiguration;
			buildSettings = {
				ALWAYS_SEARCH_USER_PATHS = NO;
				CLANG_ANALYZER_NONNULL = YES;
				CLANG_ANALYZER_NUMBER_OBJECT_CONVERSION = YES_AGGRESSIVE;
				CLANG_CXX_LANGUAGE_STANDARD = "gnu++14";
				CLANG_CXX_LIBRARY = "libc++";
				CLANG_ENABLE_MODULES = YES;
				CLANG_ENABLE_OBJC_ARC = YES;
				CLANG_ENABLE_OBJC_WEAK = YES;
				CLANG_WARN_BLOCK_CAPTURE_AUTORELEASING = YES;
				CLANG_WARN_BOOL_CONVERSION = YES;
				CLANG_WARN_COMMA = YES;
				CLANG_WARN_CONSTANT_CONVERSION = YES;
				CLANG_WARN_DEPRECATED_OBJC_IMPLEMENTATIONS = YES;
				CLANG_WARN_DIRECT_OBJC_ISA_USAGE = YES_ERROR;
				CLANG_WARN_DOCUMENTATION_COMMENTS = YES;
				CLANG_WARN_EMPTY_BODY = YES;
				CLANG_WARN_ENUM_CONVERSION = YES;
				CLANG_WARN_INFINITE_RECURSION = YES;
				CLANG_WARN_INT_CONVERSION = YES;
				CLANG_WARN_NON_LITERAL_NULL_CONVERSION = YES;
				CLANG_WARN_OBJC_IMPLICIT_RETAIN_SELF = YES;
				CLANG_WARN_OBJC_LITERAL_CONVERSION = YES;
				CLANG_WARN_OBJC_ROOT_CLASS = YES_ERROR;
				CLANG_WARN_QUOTED_INCLUDE_IN_FRAMEWORK_HEADER = YES;
				CLANG_WARN_RANGE_LOOP_ANALYSIS = YES;
				CLANG_WARN_STRICT_PROTOTYPES = YES;
				CLANG_WARN_SUSPICIOUS_MOVE = YES;
				CLANG_WARN_UNGUARDED_AVAILABILITY = YES_AGGRESSIVE;
				CLANG_WARN_UNREACHABLE_CODE = YES;
				CLANG_WARN__DUPLICATE_METHOD_MATCH = YES;
				COPY_PHASE_STRIP = NO;
				DEBUG_INFORMATION_FORMAT = "dwarf-with-dsym";
				ENABLE_NS_ASSERTIONS = NO;
				ENABLE_STRICT_OBJC_MSGSEND = YES;
				GCC_C_LANGUAGE_STANDARD = gnu11;
				GCC_NO_COMMON_BLOCKS = YES;
				GCC_WARN_64_TO_32_BIT_CONVERSION = YES;
				GCC_WARN_ABOUT_RETURN_TYPE = YES_ERROR;
				GCC_WARN_UNDECLARED_SELECTOR = YES;
				GCC_WARN_UNINITIALIZED_AUTOS = YES_AGGRESSIVE;
				GCC_WARN_UNUSED_FUNCTION = YES;
				GCC_WARN_UNUSED_VARIABLE = YES;
				IPHONEOS_DEPLOYMENT_TARGET = 14.5;
				MTL_ENABLE_DEBUG_INFO = NO;
				MTL_FAST_MATH = YES;
				SDKROOT = iphoneos;
				SWIFT_COMPILATION_MODE = wholemodule;
				SWIFT_OPTIMIZATION_LEVEL = "-O";
				VALIDATE_PRODUCT = YES;
			};
			name = Release;
		};
		A2C9652D26DFF30B0036EE0B /* Debug */ = {
			isa = XCBuildConfiguration;
			buildSettings = {
				ASSETCATALOG_COMPILER_APPICON_NAME = AppIcon;
				ASSETCATALOG_COMPILER_GLOBAL_ACCENT_COLOR_NAME = AccentColor;
				CODE_SIGN_STYLE = Automatic;
				DEVELOPMENT_TEAM = PQ99VWJBK3;
				INFOPLIST_FILE = 001/Info.plist;
				LD_RUNPATH_SEARCH_PATHS = (
					"$(inherited)",
					"@executable_path/Frameworks",
				);
				PRODUCT_BUNDLE_IDENTIFIER = "com.brior.us.-01";
				PRODUCT_NAME = "$(TARGET_NAME)";
				SWIFT_VERSION = 5.0;
				TARGETED_DEVICE_FAMILY = "1,2";
			};
			name = Debug;
		};
		A2C9652E26DFF30B0036EE0B /* Release */ = {
			isa = XCBuildConfiguration;
			buildSettings = {
				ASSETCATALOG_COMPILER_APPICON_NAME = AppIcon;
				ASSETCATALOG_COMPILER_GLOBAL_ACCENT_COLOR_NAME = AccentColor;
				CODE_SIGN_STYLE = Automatic;
				DEVELOPMENT_TEAM = PQ99VWJBK3;
				INFOPLIST_FILE = 001/Info.plist;
				LD_RUNPATH_SEARCH_PATHS = (
					"$(inherited)",
					"@executable_path/Frameworks",
				);
				PRODUCT_BUNDLE_IDENTIFIER = "com.brior.us.-01";
				PRODUCT_NAME = "$(TARGET_NAME)";
				SWIFT_VERSION = 5.0;
				TARGETED_DEVICE_FAMILY = "1,2";
			};
			name = Release;
		};
/* End XCBuildConfiguration section */

/* Begin XCConfigurationList section */
		A2C9651326DFF30A0036EE0B /* Build configuration list for PBXProject "001" */ = {
			isa = XCConfigurationList;
			buildConfigurations = (
				A2C9652A26DFF30B0036EE0B /* Debug */,
				A2C9652B26DFF30B0036EE0B /* Release */,
			);
			defaultConfigurationIsVisible = 0;
			defaultConfigurationName = Release;
		};
		A2C9652C26DFF30B0036EE0B /* Build configuration list for PBXNativeTarget "001" */ = {
			isa = XCConfigurationList;
			buildConfigurations = (
				A2C9652D26DFF30B0036EE0B /* Debug */,
				A2C9652E26DFF30B0036EE0B /* Release */,
			);
			defaultConfigurationIsVisible = 0;
			defaultConfigurationName = Release;
		};
/* End XCConfigurationList section */
	};
	rootObject = A2C9651026DFF30A0036EE0B /* Project object */;
}
